
Microsoft Visual Studio Solution File, Format Version 12.00
# Visual Studio Version 17
VisualStudioVersion = 17.4.33122.133
MinimumVisualStudioVersion = 10.0.40219.1
Project("{9A19103F-16F7-4668-BE54-9A1E7A4F7556}") = "Buoi2CSharp", "Buoi2CSharp\Buoi2CSharp.csproj", "{BC9E3A37-CB2D-4C29-9B75-C037A902B440}"
EndProject
Project("{9A19103F-16F7-4668-BE54-9A1E7A4F7556}") = "Buoi2.2CSharp.SwitchForWhile", "Buoi2.2CSharp.SwitchForWhile\Buoi2.2CSharp.SwitchForWhile.csproj", "{7A1B350E-BE35-446E-8369-6143D38D3833}"
EndProject
Project("{9A19103F-16F7-4668-BE54-9A1E7A4F7556}") = "RefOutRegexTryParse", "RefOutRegexTryParse\RefOutRegexTryParse.csproj", "{EDCBC0AD-A49B-4DC0-8312-F09A026394FF}"
EndProject
Project("{9A19103F-16F7-4668-BE54-9A1E7A4F7556}") = "OppAbstraction", "OppAbstraction\OppAbstraction.csproj", "{372840F9-E2D0-4851-B53F-FA0BD7AB5224}"
EndProject
Project("{9A19103F-16F7-4668-BE54-9A1E7A4F7556}") = "OopEncapsulation", "OopEncapsulation\OopEncapsulation.csproj", "{F9B9C9A2-E7A0-41E7-A139-62A184738AC1}"
EndProject
Project("{9A19103F-16F7-4668-BE54-9A1E7A4F7556}") = "OopEncapsulationCont", "OopEncapsulationCont\OopEncapsulationCont.csproj", "{87C33F49-2D5D-4F03-B351-21EE5CD79FB7}"
EndProject
Project("{9A19103F-16F7-4668-BE54-9A1E7A4F7556}") = "OopEncapsulationProperty", "OopEncapsulationProperty\OopEncapsulationProperty.csproj", "{94343118-B2B0-4426-A994-4D7B18B9460F}"
EndProject
Project("{9A19103F-16F7-4668-BE54-9A1E7A4F7556}") = "OopPolymorphismOverloading", "OopPolymorphismOverloading\OopPolymorphismOverloading.csproj", "{E50DF56F-596B-4A15-B842-F7F01616EAFD}"
EndProject
Project("{9A19103F-16F7-4668-BE54-9A1E7A4F7556}") = "OopPolymorphismOverriding", "OopPolymorphismOverriding\OopPolymorphismOverriding.csproj", "{9653A2C7-9ECD-4F10-931A-629DFB297807}"
EndProject
Project("{9A19103F-16F7-4668-BE54-9A1E7A4F7556}") = "OopPolymorphismInterface", "OopPolymorphismInterface\OopPolymorphismInterface.csproj", "{D2871C1E-774E-4AC9-9F29-64D63B346E51}"
EndProject
Project("{9A19103F-16F7-4668-BE54-9A1E7A4F7556}") = "ExtentionMethod", "ExtentionMethod\ExtentionMethod.csproj", "{22A77D19-EF29-4FBB-ADEC-91535C2D953B}"
EndProject
Project("{9A19103F-16F7-4668-BE54-9A1E7A4F7556}") = "ListAndLinq", "ListAndLinq\ListAndLinq.csproj", "{6D998D10-F681-4716-9619-9CF8683B2A49}"
EndProject
Project("{9A19103F-16F7-4668-BE54-9A1E7A4F7556}") = "BT1", "BT1\BT1.csproj", "{A388C4ED-9D82-4B18-B95A-C96BE8A6C59F}"
EndProject
Project("{9A19103F-16F7-4668-BE54-9A1E7A4F7556}") = "GenericClass", "GenericClass\GenericClass.csproj", "{E5D43709-F668-4B1F-970B-96E6DF88057A}"
EndProject
Project("{FAE04EC0-301F-11D3-BF4B-00C04F79EFBC}") = "BT1-suabai", "BT1-suabai\BT1-suabai.csproj", "{B9A7BD81-44D4-4E31-9197-D46EF1F03B5C}"
EndProject
Global
	GlobalSection(SolutionConfigurationPlatforms) = preSolution
		Debug|Any CPU = Debug|Any CPU
		Release|Any CPU = Release|Any CPU
	EndGlobalSection
	GlobalSection(ProjectConfigurationPlatforms) = postSolution
		{BC9E3A37-CB2D-4C29-9B75-C037A902B440}.Debug|Any CPU.ActiveCfg = Debug|Any CPU
		{BC9E3A37-CB2D-4C29-9B75-C037A902B440}.Debug|Any CPU.Build.0 = Debug|Any CPU
		{BC9E3A37-CB2D-4C29-9B75-C037A902B440}.Release|Any CPU.ActiveCfg = Release|Any CPU
		{BC9E3A37-CB2D-4C29-9B75-C037A902B440}.Release|Any CPU.Build.0 = Release|Any CPU
		{7A1B350E-BE35-446E-8369-6143D38D3833}.Debug|Any CPU.ActiveCfg = Debug|Any CPU
		{7A1B350E-BE35-446E-8369-6143D38D3833}.Debug|Any CPU.Build.0 = Debug|Any CPU
		{7A1B350E-BE35-446E-8369-6143D38D3833}.Release|Any CPU.ActiveCfg = Release|Any CPU
		{7A1B350E-BE35-446E-8369-6143D38D3833}.Release|Any CPU.Build.0 = Release|Any CPU
		{EDCBC0AD-A49B-4DC0-8312-F09A026394FF}.Debug|Any CPU.ActiveCfg = Debug|Any CPU
		{EDCBC0AD-A49B-4DC0-8312-F09A026394FF}.Debug|Any CPU.Build.0 = Debug|Any CPU
		{EDCBC0AD-A49B-4DC0-8312-F09A026394FF}.Release|Any CPU.ActiveCfg = Release|Any CPU
		{EDCBC0AD-A49B-4DC0-8312-F09A026394FF}.Release|Any CPU.Build.0 = Release|Any CPU
		{372840F9-E2D0-4851-B53F-FA0BD7AB5224}.Debug|Any CPU.ActiveCfg = Debug|Any CPU
		{372840F9-E2D0-4851-B53F-FA0BD7AB5224}.Debug|Any CPU.Build.0 = Debug|Any CPU
		{372840F9-E2D0-4851-B53F-FA0BD7AB5224}.Release|Any CPU.ActiveCfg = Release|Any CPU
		{372840F9-E2D0-4851-B53F-FA0BD7AB5224}.Release|Any CPU.Build.0 = Release|Any CPU
		{F9B9C9A2-E7A0-41E7-A139-62A184738AC1}.Debug|Any CPU.ActiveCfg = Debug|Any CPU
		{F9B9C9A2-E7A0-41E7-A139-62A184738AC1}.Debug|Any CPU.Build.0 = Debug|Any CPU
		{F9B9C9A2-E7A0-41E7-A139-62A184738AC1}.Release|Any CPU.ActiveCfg = Release|Any CPU
		{F9B9C9A2-E7A0-41E7-A139-62A184738AC1}.Release|Any CPU.Build.0 = Release|Any CPU
		{87C33F49-2D5D-4F03-B351-21EE5CD79FB7}.Debug|Any CPU.ActiveCfg = Debug|Any CPU
		{87C33F49-2D5D-4F03-B351-21EE5CD79FB7}.Debug|Any CPU.Build.0 = Debug|Any CPU
		{87C33F49-2D5D-4F03-B351-21EE5CD79FB7}.Release|Any CPU.ActiveCfg = Release|Any CPU
		{87C33F49-2D5D-4F03-B351-21EE5CD79FB7}.Release|Any CPU.Build.0 = Release|Any CPU
		{94343118-B2B0-4426-A994-4D7B18B9460F}.Debug|Any CPU.ActiveCfg = Debug|Any CPU
		{94343118-B2B0-4426-A994-4D7B18B9460F}.Debug|Any CPU.Build.0 = Debug|Any CPU
		{94343118-B2B0-4426-A994-4D7B18B9460F}.Release|Any CPU.ActiveCfg = Release|Any CPU
		{94343118-B2B0-4426-A994-4D7B18B9460F}.Release|Any CPU.Build.0 = Release|Any CPU
		{E50DF56F-596B-4A15-B842-F7F01616EAFD}.Debug|Any CPU.ActiveCfg = Debug|Any CPU
		{E50DF56F-596B-4A15-B842-F7F01616EAFD}.Debug|Any CPU.Build.0 = Debug|Any CPU
		{E50DF56F-596B-4A15-B842-F7F01616EAFD}.Release|Any CPU.ActiveCfg = Release|Any CPU
		{E50DF56F-596B-4A15-B842-F7F01616EAFD}.Release|Any CPU.Build.0 = Release|Any CPU
		{9653A2C7-9ECD-4F10-931A-629DFB297807}.Debug|Any CPU.ActiveCfg = Debug|Any CPU
		{9653A2C7-9ECD-4F10-931A-629DFB297807}.Debug|Any CPU.Build.0 = Debug|Any CPU
		{9653A2C7-9ECD-4F10-931A-629DFB297807}.Release|Any CPU.ActiveCfg = Release|Any CPU
		{9653A2C7-9ECD-4F10-931A-629DFB297807}.Release|Any CPU.Build.0 = Release|Any CPU
		{D2871C1E-774E-4AC9-9F29-64D63B346E51}.Debug|Any CPU.ActiveCfg = Debug|Any CPU
		{D2871C1E-774E-4AC9-9F29-64D63B346E51}.Debug|Any CPU.Build.0 = Debug|Any CPU
		{D2871C1E-774E-4AC9-9F29-64D63B346E51}.Release|Any CPU.ActiveCfg = Release|Any CPU
		{D2871C1E-774E-4AC9-9F29-64D63B346E51}.Release|Any CPU.Build.0 = Release|Any CPU
		{22A77D19-EF29-4FBB-ADEC-91535C2D953B}.Debug|Any CPU.ActiveCfg = Debug|Any CPU
		{22A77D19-EF29-4FBB-ADEC-91535C2D953B}.Debug|Any CPU.Build.0 = Debug|Any CPU
		{22A77D19-EF29-4FBB-ADEC-91535C2D953B}.Release|Any CPU.ActiveCfg = Release|Any CPU
		{22A77D19-EF29-4FBB-ADEC-91535C2D953B}.Release|Any CPU.Build.0 = Release|Any CPU
		{6D998D10-F681-4716-9619-9CF8683B2A49}.Debug|Any CPU.ActiveCfg = Debug|Any CPU
		{6D998D10-F681-4716-9619-9CF8683B2A49}.Debug|Any CPU.Build.0 = Debug|Any CPU
		{6D998D10-F681-4716-9619-9CF8683B2A49}.Release|Any CPU.ActiveCfg = Release|Any CPU
		{6D998D10-F681-4716-9619-9CF8683B2A49}.Release|Any CPU.Build.0 = Release|Any CPU
		{A388C4ED-9D82-4B18-B95A-C96BE8A6C59F}.Debug|Any CPU.ActiveCfg = Debug|Any CPU
		{A388C4ED-9D82-4B18-B95A-C96BE8A6C59F}.Debug|Any CPU.Build.0 = Debug|Any CPU
		{A388C4ED-9D82-4B18-B95A-C96BE8A6C59F}.Release|Any CPU.ActiveCfg = Release|Any CPU
		{A388C4ED-9D82-4B18-B95A-C96BE8A6C59F}.Release|Any CPU.Build.0 = Release|Any CPU
		{E5D43709-F668-4B1F-970B-96E6DF88057A}.Debug|Any CPU.ActiveCfg = Debug|Any CPU
		{E5D43709-F668-4B1F-970B-96E6DF88057A}.Debug|Any CPU.Build.0 = Debug|Any CPU
		{E5D43709-F668-4B1F-970B-96E6DF88057A}.Release|Any CPU.ActiveCfg = Release|Any CPU
		{E5D43709-F668-4B1F-970B-96E6DF88057A}.Release|Any CPU.Build.0 = Release|Any CPU
		{B9A7BD81-44D4-4E31-9197-D46EF1F03B5C}.Debug|Any CPU.ActiveCfg = Debug|Any CPU
		{B9A7BD81-44D4-4E31-9197-D46EF1F03B5C}.Debug|Any CPU.Build.0 = Debug|Any CPU
		{B9A7BD81-44D4-4E31-9197-D46EF1F03B5C}.Release|Any CPU.ActiveCfg = Release|Any CPU
		{B9A7BD81-44D4-4E31-9197-D46EF1F03B5C}.Release|Any CPU.Build.0 = Release|Any CPU
	EndGlobalSection
	GlobalSection(SolutionProperties) = preSolution
		HideSolutionNode = FALSE
	EndGlobalSection
	GlobalSection(ExtensibilityGlobals) = postSolution
		SolutionGuid = {B015FBD1-73F3-47DC-A815-E8AC03C58404}
	EndGlobalSection
EndGlobal
